{
  "lockfileVersion": 1,
  "configVersion": 1,
  "workspaces": {
    "": {
      "name": "tripwire",
      "dependencies": {
        "shell-quote": "1.10.0",
      },
      "devDependencies": {
        "@effect/platform-bun": "4.0.0-rc.112",
        "@effect/tsgo": "0.38.0",
        "@seanmozeik/de-clank": "0.1.7",
        "bun-types": "1.4.0",
        "effect": "4.0.0-rc.112",
        "oxfmt": "0.65.0",
        "oxlint": "1.80.0",
        "oxlint-tsgolint": "7.0.2001",
        "typescript": "7.0.2",
      },
      "peerDependencies": {
        "@effect/platform-bun": "4.0.0-rc.112",
        "effect": "4.0.0-rc.112",
      },
    },
  },
  "packages": {
    "@effect/platform-bun": ["@effect/platform-bun@4.0.0-rc.112", "", { "dependencies": { "@effect/platform-node-shared": "^4.0.0-rc.112" }, "peerDependencies": { "effect": "^4.0.0-rc.112" } }, "sha512-Y5n2HhV/vsbrJls9ukX42RL7zqXQxISHegWFsP9njsCyDmGTnq7QYSO82rglwrLPwtTrv5dkSRTuGw4+oXxgMg=="],

    "@effect/platform-node-shared": ["@effect/platform-node-shared@4.0.0-rc.112", "", { "dependencies": { "@types/ws": "^8.18.1", "ws": "^8.21.3" }, "peerDependencies": { "effect": "^4.0.0-rc.112" } }, "sha512-ttjz0xKamFN7vL8pNDYVwddJLjZvqKePc05djlz2VcdaKbLsnYbtMnL1rbOfHgEnIUSHGh7FkjaN4DM1Ov81sQ=="],

    "@effect/tsgo": ["@effect/tsgo@0.38.0", "", { "optionalDependencies": { "@effect/tsgo-darwin-arm64": "0.38.0", "@effect/tsgo-darwin-x64": "0.38.0", "@effect/tsgo-linux-arm": "0.38.0", "@effect/tsgo-linux-arm64": "0.38.0", "@effect/tsgo-linux-x64": "0.38.0", "@effect/tsgo-win32-arm64": "0.38.0", "@effect/tsgo-win32-x64": "0.38.0" }, "bin": { "effect-tsgo": "dist/effect-tsgo.cjs" } }, "sha512-eazN0kX+WNT1jNjIm/l5esnkpKVfd1wNh2ig0pfaULKuI2PZh0JwjbepDPUr6MWx5cqOiUgwStNf5hGhg2w00g=="],

    "@effect/tsgo-darwin-arm64": ["@effect/tsgo-darwin-arm64@0.38.0", "", { "os": "darwin", "cpu": "arm64" }, "sha512-CDTPKA0qcL+zqtBcZ0Z6BlvYnSW5MI8fOhFTI5zJUEfqSBwC/ddDHscZN4LBzra6EPR+8UwjNdGRr0wwtKiLJA=="],

    "@effect/tsgo-darwin-x64": ["@effect/tsgo-darwin-x64@0.38.0", "", { "os": "darwin", "cpu": "x64" }, "sha512-ghx8p8BzrDGgB444+4S0wU2dtPXPP7AncfdBZCu6brwfksJMNuhgec9TamZrYOUwEYy9OkUQEavOyjGw6xJJ8Q=="],

    "@effect/tsgo-linux-arm": ["@effect/tsgo-linux-arm@0.38.0", "", { "os": "linux", "cpu": "arm" }, "sha512-+zLIdcSuFMDZUCFJGfPgMOcW8wkjrPpVVzM4tf5P+HQgiSS4hshm2aiKoV1N5fn9rsYTTMwGnfxIVBxBMGGE/Q=="],

    "@effect/tsgo-linux-arm64": ["@effect/tsgo-linux-arm64@0.38.0", "", { "os": "linux", "cpu": "arm64" }, "sha512-SEKZIa1u22xyWOrISQ9fqHR1suHcxxDJ9m6Y8npx5ywmroKLDy/8/t77LNaxLScBYrbZwSFqASJPZJ4XF0RgKw=="],

    "@effect/tsgo-linux-x64": ["@effect/tsgo-linux-x64@0.38.0", "", { "os": "linux", "cpu": "x64" }, "sha512-6Kx2qqA+FxerWHPjG4eXpm76CB2+/KUpShXGxw+1CkjebhXmkgG3sSKfEUMkQ331PBlmekWRe7Xnnejnwln0Mw=="],

    "@effect/tsgo-win32-arm64": ["@effect/tsgo-win32-arm64@0.38.0", "", { "os": "win32", "cpu": "arm64" }, "sha512-jhGtiSb8bjlJcJqtJ4IVdeqep+AHGhDFN+2vqXHLdOMzmRVxCMhYmIda2nCel5UK5vVwhCYifw2JfcoO3f8Vpw=="],

    "@effect/tsgo-win32-x64": ["@effect/tsgo-win32-x64@0.38.0", "", { "os": "win32", "cpu": "x64" }, "sha512-FjbXqAZqxs9WaRp3XCCUa8ndXDeVibAjeE1EdVAouxB36aMUzEV0ue6LLH8zVaqqR+zxf1xvFVOp4D0JL4Ur0g=="],

    "@msgpackr-extract/msgpackr-extract-darwin-arm64": ["@msgpackr-extract/msgpackr-extract-darwin-arm64@3.0.4", "", { "os": "darwin", "cpu": "arm64" }, "sha512-LCkGo6JDfaBhgST7UpPWgNgLINpcpabaHfyz5OBx75nUYxBsaEPxjnyNjWpeb/xBup/682QnBfRBy2/LvPutZQ=="],

    "@msgpackr-extract/msgpackr-extract-darwin-x64": ["@msgpackr-extract/msgpackr-extract-darwin-x64@3.0.4", "", { "os": "darwin", "cpu": "x64" }, "sha512-zExlW9zUJKZH/tOtVMttwjKa4Xm/3KcNjnE3dPN92uCktwavMxpgCA3MoJK/DOnTWsQgo224OaST27/mPNAf+w=="],

    "@msgpackr-extract/msgpackr-extract-linux-arm": ["@msgpackr-extract/msgpackr-extract-linux-arm@3.0.4", "", { "os": "linux", "cpu": "arm" }, "sha512-Tg3yX65f5GbtXLkrYEHE5oibZG9epyYWas7FogTTEJeDEF9JlXJzKgXaNhT3UXlTOeA+AfZpYZYZ0uPj7Cfquw=="],

    "@msgpackr-extract/msgpackr-extract-linux-arm64": ["@msgpackr-extract/msgpackr-extract-linux-arm64@3.0.4", "", { "os": "linux", "cpu": "arm64" }, "sha512-dgX0P/9wGPJeHFBG+ZmhgE6bmtMt7NP5CRBGyyktpopdk/mW4POnrpQsSLtKI1dwpc+pPLuXHDh6vvskyQE/sw=="],

    "@msgpackr-extract/msgpackr-extract-linux-x64": ["@msgpackr-extract/msgpackr-extract-linux-x64@3.0.4", "", { "os": "linux", "cpu": "x64" }, "sha512-8TNXMEjJc3QEy7R/x1INhgiU+XakDAFUzBhaz7+Rbrs8NH5UQeHQxxmzsSBJGyV6I1jW79undiQm8tOI+D+8FQ=="],

    "@msgpackr-extract/msgpackr-extract-win32-x64": ["@msgpackr-extract/msgpackr-extract-win32-x64@3.0.4", "", { "os": "win32", "cpu": "x64" }, "sha512-CmCXPQrkbwExx3j946/PtHWHbYJiCRBRDl4BlkRQcJB/YOwQxJRTpoo7aTsortjgoJ1x7opzTSxn7C+ASSLVjQ=="],

    "@oxc-parser/binding-android-arm-eabi": ["@oxc-parser/binding-android-arm-eabi@0.146.0", "", { "os": "android", "cpu": "arm" }, "sha512-jBCZIsff/9J/zdK1KSKZREScXOtRE4wYO+MUjrE+5NHGdsslrP4biJA9QJyKwErwS8lkwxH6Z537HaL4CQr0ow=="],

    "@oxc-parser/binding-android-arm64": ["@oxc-parser/binding-android-arm64@0.146.0", "", { "os": "android", "cpu": "arm64" }, "sha512-BVwj6sVmgD9j5F+R5B+13pYQKOCmew+3myS19wcG5e+AeZu5ybBLEfcaKueC8MhvjtwL2Suh2tQE/Ywop2Z8rA=="],

    "@oxc-parser/binding-darwin-arm64": ["@oxc-parser/binding-darwin-arm64@0.146.0", "", { "os": "darwin", "cpu": "arm64" }, "sha512-jQGIM4zEEvvuypbBcoeoWuigRfP6R8Ow/9gfDzVoYkv5mFyVPbIePNQnV752jUynfty0nDxarIpML+7Q/MyMPg=="],

    "@oxc-parser/binding-darwin-x64": ["@oxc-parser/binding-darwin-x64@0.146.0", "", { "os": "darwin", "cpu": "x64" }, "sha512-quDy3cvW1712l6W+qe1/xWRym6STOuGJmFzRIg5StXVJglsbqrCpHfw9PyqPs0hQeOAjAEO1USrjPaIvHiRKQw=="],

    "@oxc-parser/binding-freebsd-x64": ["@oxc-parser/binding-freebsd-x64@0.146.0", "", { "os": "freebsd", "cpu": "x64" }, "sha512-wx/p/9phlX4VbYk671G4WewST3pysXNQfZRx4gx69QIz0/uW2O3MCnnEQh4il6l2lYr0EDAq3kFYovIw68CXHw=="],

    "@oxc-parser/binding-linux-arm-gnueabihf": ["@oxc-parser/binding-linux-arm-gnueabihf@0.146.0", "", { "os": "linux", "cpu": "arm" }, "sha512-W9nzfbWH8Z6cIaBj6Rh/eVgymFkZ2MaOV0rQruKTLYKLAZADo9JlOmBml6Dq2QbChtmuc3DKDL42KDHaQFX8yQ=="],

    "@oxc-parser/binding-linux-arm-musleabihf": ["@oxc-parser/binding-linux-arm-musleabihf@0.146.0", "", { "os": "linux", "cpu": "arm" }, "sha512-S5X1mEvTLBTl+xt7bRlr1n6qI+OTy1EaRkYyd4EQgEZqV7i53fQa1I72OqR0IwSQKVwh6TZPkzDcsN7fS9MynQ=="],

    "@oxc-parser/binding-linux-arm64-gnu": ["@oxc-parser/binding-linux-arm64-gnu@0.146.0", "", { "os": "linux", "cpu": "arm64" }, "sha512-Br9UB4nnecVfj/Vp+JiJnJo2wIJtwaOm+uN7MwWKF5cx10P816urucmksG/iG2OeL7hfZ4h5fCmePrLU6TocfQ=="],

    "@oxc-parser/binding-linux-arm64-musl": ["@oxc-parser/binding-linux-arm64-musl@0.146.0", "", { "os": "linux", "cpu": "arm64" }, "sha512-5AP+od9VGhRyCwswTfuD0jSDfIcWptEBC+K0LWmXsUJ9BPVF3KbhsjeoV+9tijX6g5is0w4H8DUV7NkOJoOVVA=="],

    "@oxc-parser/binding-linux-ppc64-gnu": ["@oxc-parser/binding-linux-ppc64-gnu@0.146.0", "", { "os": "linux", "cpu": "ppc64" }, "sha512-Qz3jc1qgvU9B9vQu3jAJcxKlGX7zYRtKs8LPYtQi8cmirhtYcX6XvXseESaDFbi1L+SorXhjRQ/2npEX85kKBw=="],

    "@oxc-parser/binding-linux-riscv64-gnu": ["@oxc-parser/binding-linux-riscv64-gnu@0.146.0", "", { "os": "linux", "cpu": "none" }, "sha512-Mfmg18lOZ1IWJJJuHi1ZsMLunqNVeLEh3Byuw+Aa8dYo7qOrZOMZQz1gFgAeNga5/Z5jjRuIKuIdo9aO7HYMdg=="],

    "@oxc-parser/binding-linux-riscv64-musl": ["@oxc-parser/binding-linux-riscv64-musl@0.146.0", "", { "os": "linux", "cpu": "none" }, "sha512-6OdXwYnzbwYcnUH8f0LYauLNitjIcgDR/CDA/wcZ2whwJwVflGtCLF3+3HOXgs/SESnpQCWXr7Q/z9muLJ5bmQ=="],

    "@oxc-parser/binding-linux-s390x-gnu": ["@oxc-parser/binding-linux-s390x-gnu@0.146.0", "", { "os": "linux", "cpu": "s390x" }, "sha512-BilV4Ei84A0m6r1v+LmgVrfUMbAz33IXRooVw/BQNDExUvGGNLrk6NWeot+ve99bRidTZdwWuzBHgxWCnSSa9Q=="],

    "@oxc-parser/binding-linux-x64-gnu": ["@oxc-parser/binding-linux-x64-gnu@0.146.0", "", { "os": "linux", "cpu": "x64" }, "sha512-RaMfGIpWOa87u3aD87drbPgisy7Nv6gIdjRFw6msIDKO+3FmcOTw+vpp4hVANhUIzpQta2EAsmYQRrqeprZTmQ=="],

    "@oxc-parser/binding-linux-x64-musl": ["@oxc-parser/binding-linux-x64-musl@0.146.0", "", { "os": "linux", "cpu": "x64" }, "sha512-0bzF60jfQRsJ9TJOIHK+wSUirenJAyWCdP9z3P6LMS0znD4Gf7WYOiv7niONVOpRnlGjzMPd4kqgOJfCDLQAQg=="],

    "@oxc-parser/binding-openharmony-arm64": ["@oxc-parser/binding-openharmony-arm64@0.146.0", "", { "os": "none", "cpu": "arm64" }, "sha512-O1gxUFt5FUgyFVUQK2BhZNwv7jLsqLR8uBANOhpYE5D5q+eCvcry7RvQT3DgKpWP1XRYB5UsbQGHHcwchEKb+w=="],

    "@oxc-parser/binding-win32-arm64-msvc": ["@oxc-parser/binding-win32-arm64-msvc@0.146.0", "", { "os": "win32", "cpu": "arm64" }, "sha512-i46zYS0TTCt+oaXaDx4mKxuXo+h8OBWI12XFatRm5I9/l2WKhp4TQ6VAjw0r1NMRiQQZ9dwQlRyQNhyTkOaINg=="],

    "@oxc-parser/binding-win32-ia32-msvc": ["@oxc-parser/binding-win32-ia32-msvc@0.146.0", "", { "os": "win32", "cpu": "ia32" }, "sha512-v1bb+ma2oKXwh4NHAg2NQwe9ORXFBDSCEkuO1qC4Rzm8EXcQdNhiJHpTNfulZ2P+1QpYUB6QYupW4mgMVom/tA=="],

    "@oxc-parser/binding-win32-x64-msvc": ["@oxc-parser/binding-win32-x64-msvc@0.146.0", "", { "os": "win32", "cpu": "x64" }, "sha512-uT8N1/qdNSGonvW1O2kZYNczqb/VYfnj5dpUy1FmedOPodj3MNFNWhAJkMZlI5u8xuTRtrpTccnr0U5HAMVRjQ=="],

    "@oxc-project/types": ["@oxc-project/types@0.146.0", "", {}, "sha512-XC0QsnnhVe7sLIWmYmdPw7x5P0h4W8vUU3Nv1ySgWXtvCz8NizoAEpGXA0sOYoJQV2Rl13LgURAHQ5cI5ILCSA=="],

    "@oxfmt/binding-android-arm-eabi": ["@oxfmt/binding-android-arm-eabi@0.65.0", "", { "os": "android", "cpu": "arm" }, "sha512-M10Gs1SSpTNI6ahGx3M/OlIdUF4hkaP6OgUb+MS79t/Pgflk3r1nW5gPFqsZGUAXg0H1AfANT9AvLdBSTIhZKg=="],

    "@oxfmt/binding-android-arm64": ["@oxfmt/binding-android-arm64@0.65.0", "", { "os": "android", "cpu": "arm64" }, "sha512-6DXH5sftNlaHpWJG50hFMF+Qxtq5D2TmahvcDPxWNcGIf8qrC9Y0YgHYcYZ2hlWzaccKXh/f3GcssH8vtkl4JA=="],

    "@oxfmt/binding-darwin-arm64": ["@oxfmt/binding-darwin-arm64@0.65.0", "", { "os": "darwin", "cpu": "arm64" }, "sha512-K9m7lr53pcOLETNsC88sWes/GWHUGjZyHx95UhYcSXy0r30haLdeXlSufSenEAtoLaW753WN8/l4M7GYcRt6cg=="],

    "@oxfmt/binding-darwin-x64": ["@oxfmt/binding-darwin-x64@0.65.0", "", { "os": "darwin", "cpu": "x64" }, "sha512-sTNwIx1gre3MyiHOPLu7IGW4UyMScYL4DTmJT01p4vzB0En+OJUQz6KuH8t0PpsClRSaMuY3b0QmtoPItfO8Lg=="],

    "@oxfmt/binding-freebsd-x64": ["@oxfmt/binding-freebsd-x64@0.65.0", "", { "os": "freebsd", "cpu": "x64" }, "sha512-lYZMVIiIpnjGu5hJb2jxA8NYQ/e0OTGuaiAf4dqlGPNnPmUTu23FZRMltmjro/KkQm1uE4NT4n5yJ2zWmKcpfA=="],

    "@oxfmt/binding-linux-arm-gnueabihf": ["@oxfmt/binding-linux-arm-gnueabihf@0.65.0", "", { "os": "linux", "cpu": "arm" }, "sha512-gIdXFAt/bURnjxuoedDEWdZ0PEWEmdDcm8qdpoFYYvW3QMk/5D4vUaH4mlMeRpeTdST4izUgHVO6RawQ4QulJw=="],

    "@oxfmt/binding-linux-arm-musleabihf": ["@oxfmt/binding-linux-arm-musleabihf@0.65.0", "", { "os": "linux", "cpu": "arm" }, "sha512-jJVyADto7gA2AaX5qAjAexrxx9PJQaKWOe8PICE7yKMbjBRyOHcmj9TtVJ+MZYDUQ3hodU0AcoTj0jFQ1W4C6Q=="],

    "@oxfmt/binding-linux-arm64-gnu": ["@oxfmt/binding-linux-arm64-gnu@0.65.0", "", { "os": "linux", "cpu": "arm64" }, "sha512-p3RFkB+u7u+8up99b/NEcI1hdpLDiGgJYNwDorB60n7eH+eKposAKuMBxx+NqB3b+sJP4CZmYDh9G7X62tUsKg=="],

    "@oxfmt/binding-linux-arm64-musl": ["@oxfmt/binding-linux-arm64-musl@0.65.0", "", { "os": "linux", "cpu": "arm64" }, "sha512-5Prb0uFzJHr+OUD/qS/TmU526wD+PaHDsm3KoRiUXbMIDpTSErjeQYkK3OQeshAvD/PuLa9WGEi9WPajjdOZJg=="],

    "@oxfmt/binding-linux-ppc64-gnu": ["@oxfmt/binding-linux-ppc64-gnu@0.65.0", "", { "os": "linux", "cpu": "ppc64" }, "sha512-S8svxTp81obnF3admN9yd+u2rOYXtyzThLGBTg1PY6TPtGcC09BaaXLQD+TBSMa7yvqhCDZ8DFri+S/yG60qCg=="],

    "@oxfmt/binding-linux-riscv64-gnu": ["@oxfmt/binding-linux-riscv64-gnu@0.65.0", "", { "os": "linux", "cpu": "none" }, "sha512-WtXBr75G/h2qOHy8SiGtC1R6aS3jt4mE52v1D8AtwMXIgoOmSNP9lKvbSaTRoL0e5wsMPoi6T72QWDYPu+S+nA=="],

    "@oxfmt/binding-linux-riscv64-musl": ["@oxfmt/binding-linux-riscv64-musl@0.65.0", "", { "os": "linux", "cpu": "none" }, "sha512-YwSLVvpaz4o/nv/miiPEBJz+eJ+VmbgNIrao6RccK9ce+L5EA8wP+ZD0uFeq6wKOza6zoWv/dR0sj6lip6R3EA=="],

    "@oxfmt/binding-linux-s390x-gnu": ["@oxfmt/binding-linux-s390x-gnu@0.65.0", "", { "os": "linux", "cpu": "s390x" }, "sha512-XQTPqgvyrgkKcFq+Tp2eK6JS7sqqJ+nRmy2Fav4j3I+i4dJoPJm7YwEdoeSDX9xkqj9jZ/lWfF3bXUWztIrn6A=="],

    "@oxfmt/binding-linux-x64-gnu": ["@oxfmt/binding-linux-x64-gnu@0.65.0", "", { "os": "linux", "cpu": "x64" }, "sha512-cjZlx6S/VkeCNWCbwZriTnLnZeTcV3DEyeRGSw/2wwLP9viq+C0bJ4bC1k/ZLkFxDcB1lUgSasPkYGP1bdraOg=="],

    "@oxfmt/binding-linux-x64-musl": ["@oxfmt/binding-linux-x64-musl@0.65.0", "", { "os": "linux", "cpu": "x64" }, "sha512-2azCjxdLtK4zCcIOU1dlXlU0xxfbPi6EjwWx7Ac7teWPidIIDOcIhudup83xNCKYhtqeVd/gaVDOxbUq4syXWA=="],

    "@oxfmt/binding-openharmony-arm64": ["@oxfmt/binding-openharmony-arm64@0.65.0", "", { "os": "none", "cpu": "arm64" }, "sha512-KXQ7xi1e/voP0IQaw6fG6XY4Z5+Llf1XmRSZS1t7pVFCecFJ0iXaboKmVwjFtp5MLlT5iWQrJ2U1C3GJdZ2u+Q=="],

    "@oxfmt/binding-win32-arm64-msvc": ["@oxfmt/binding-win32-arm64-msvc@0.65.0", "", { "os": "win32", "cpu": "arm64" }, "sha512-2FbbjG5jEqLSLKVJwBap84uJfpn5Y5A53KEO0aUNr+zeiRB9nyPUIFMcSbZVMFLitfBytFWRNngozXYjb6Rsbw=="],

    "@oxfmt/binding-win32-ia32-msvc": ["@oxfmt/binding-win32-ia32-msvc@0.65.0", "", { "os": "win32", "cpu": "ia32" }, "sha512-LJ+ZacAPSjegDOnSLyA1TMWAhdDrsK4el3REdr1oL2UtVBCMhO2II/Sb3cEW6mF2MfLhl8hDNCSvc7KSbgk3LQ=="],

    "@oxfmt/binding-win32-x64-msvc": ["@oxfmt/binding-win32-x64-msvc@0.65.0", "", { "os": "win32", "cpu": "x64" }, "sha512-higu9cWEO6XXFzATD1jf0mCK34rNfN2H9JrJie7QB1IhleVpTh0QlLH9Ip2C1H/Nd5n0v5pvRtC+5R0uE4HpVg=="],

    "@oxlint-tsgolint/darwin-arm64": ["@oxlint-tsgolint/darwin-arm64@7.0.2001", "", { "os": "darwin", "cpu": "arm64" }, "sha512-CUJEdbSZ54+Xy9OXqOhWLTKZKV0BBiV7C2i/ygyVmXtkUNXx5YCzN8DpSSshTAKktoL7S+tnQ/ftFG/i7X896w=="],

    "@oxlint-tsgolint/darwin-x64": ["@oxlint-tsgolint/darwin-x64@7.0.2001", "", { "os": "darwin", "cpu": "x64" }, "sha512-pXfBb5BqONCcgrXQNUZWXgiYmRSWJzd97S8i41VVOh6ut0tyo+cJ5FKFpczDHxiVNfj/3e7c9B4MtztNdpIVCw=="],

    "@oxlint-tsgolint/linux-arm64": ["@oxlint-tsgolint/linux-arm64@7.0.2001", "", { "os": "linux", "cpu": "arm64" }, "sha512-roP7zujb/QDPzDwEKsFFpzNHHy91/Y7oX9vQXk78ekyZtcQj1QXDIMH33gjDdHBfRl4K9pZ36xhRgrP4Zr+R8A=="],

    "@oxlint-tsgolint/linux-x64": ["@oxlint-tsgolint/linux-x64@7.0.2001", "", { "os": "linux", "cpu": "x64" }, "sha512-UDezNqdECVmngu2TPnjaS1YoAmcTaBoI5lV9vk3VahBxoi+I5r9k3iJTT7qZoYWOXTD/7T7bNcwRgrocR6BscQ=="],

    "@oxlint-tsgolint/win32-arm64": ["@oxlint-tsgolint/win32-arm64@7.0.2001", "", { "os": "win32", "cpu": "arm64" }, "sha512-uJZhqB6pdXLuN+AD1F5082byyQti/NPmJA77GtcFlmT2HzRelqbNls3SaIqxpjdFgvSBF9g0yOKGBkGFg7kX8Q=="],

    "@oxlint-tsgolint/win32-x64": ["@oxlint-tsgolint/win32-x64@7.0.2001", "", { "os": "win32", "cpu": "x64" }, "sha512-FkDRm8hx9OwzGQqyWG1tO5QrTLRApff9DzSgpz9QZau37BR8d1VYKOxMLGf6shPZntJFoTwIIJYT68VndYDCog=="],

    "@oxlint/binding-android-arm-eabi": ["@oxlint/binding-android-arm-eabi@1.80.0", "", { "os": "android", "cpu": "arm" }, "sha512-RM3Plj+biQpxa5d1GOOX6ciDlcUROmm4OZ/pLTpitkQt2mJv4jhtY4cbgaetOm5UKWZe05/TGQ6o1Vl8EOHkrA=="],

    "@oxlint/binding-android-arm64": ["@oxlint/binding-android-arm64@1.80.0", "", { "os": "android", "cpu": "arm64" }, "sha512-YlO5JEf0Yr2bUUlu8O8daVcUxtcGGbcSmyV7E7nSbJbfAdxTE0PFPwgnIlw7wXJaTYjb+qs5hI5q3jxUkI7cAw=="],

    "@oxlint/binding-darwin-arm64": ["@oxlint/binding-darwin-arm64@1.80.0", "", { "os": "darwin", "cpu": "arm64" }, "sha512-BULDOyO3AhsmdWfQeIUCykDt3dd7XZBGLhp1eIh56skRv01O+cNjNPwXMIbeW1x4+pxcln5if72wcRgViVo7PA=="],

    "@oxlint/binding-darwin-x64": ["@oxlint/binding-darwin-x64@1.80.0", "", { "os": "darwin", "cpu": "x64" }, "sha512-YJ4JzLw7N5TDSQFlA0hAQGHvnDZgyypm1yunObVWcWiF9KM7eGCJKYKLgTC2Fi/57OdnBhbj4OkzPGdFQJ6HyA=="],

    "@oxlint/binding-freebsd-x64": ["@oxlint/binding-freebsd-x64@1.80.0", "", { "os": "freebsd", "cpu": "x64" }, "sha512-AYUIk5QnL0s8oWAYsREZwkRYy1SupJTXALo93J1TgzHywxQtdM99FecRMQ87MXEdPQ0j1TmEpeeq3fGNkpvMqg=="],

    "@oxlint/binding-linux-arm-gnueabihf": ["@oxlint/binding-linux-arm-gnueabihf@1.80.0", "", { "os": "linux", "cpu": "arm" }, "sha512-9hBZVANupQ89W9dXyE0n8doCyaW5pDyGn3y6XlIMPZ+rIKuyqkr3SNUXmVJIhuvUq0NBU3RBiSXXE69l4XI6KA=="],

    "@oxlint/binding-linux-arm-musleabihf": ["@oxlint/binding-linux-arm-musleabihf@1.80.0", "", { "os": "linux", "cpu": "arm" }, "sha512-SvS2uKqzY+pbfuvAHzH4338R6Zwo805GAwrIMVvK1KxoOWCIjZUdfzTCvilD7z6JK91v011+zYMryabhDo2AsQ=="],

    "@oxlint/binding-linux-arm64-gnu": ["@oxlint/binding-linux-arm64-gnu@1.80.0", "", { "os": "linux", "cpu": "arm64" }, "sha512-tCLadyqRVL3pQTRPNg7cjXKvcvS4fbyXeQHhKk5BTJ1oftQln5/yIIWbu/Xom/DX41zv2P9QGt6+D/TtQVtY3A=="],

    "@oxlint/binding-linux-arm64-musl": ["@oxlint/binding-linux-arm64-musl@1.80.0", "", { "os": "linux", "cpu": "arm64" }, "sha512-XfpCNRlOPcLlJl4Bn/FUhjqlR6BVavEykERBf/MV7YA9VZDa5g5znVqYhyviMafcxS9Pe/i/kPvHNO0U6svEHQ=="],

    "@oxlint/binding-linux-ppc64-gnu": ["@oxlint/binding-linux-ppc64-gnu@1.80.0", "", { "os": "linux", "cpu": "ppc64" }, "sha512-3I4yMwcFG9NeO8ioY6JBBuKsIm5GL/x7MATt1S4tVWaxPu5HcJ+XnLUbcVBTxG8q2Wu56HSj+NmXQiVYb1lp6A=="],

    "@oxlint/binding-linux-riscv64-gnu": ["@oxlint/binding-linux-riscv64-gnu@1.80.0", "", { "os": "linux", "cpu": "none" }, "sha512-E1wAKymkpe1/E8helzBKdm81OBOF+ezxRyXRMEuik3ZpWDER5CPOKZwF66RsdwW98uwZv8UTFremUQtC1CzdJA=="],

    "@oxlint/binding-linux-riscv64-musl": ["@oxlint/binding-linux-riscv64-musl@1.80.0", "", { "os": "linux", "cpu": "none" }, "sha512-+gLRGD4sIo3+VA++iham5UxD9tKSoJ/VOrROCEXIcknrYtQg6iIQgvjN0cpiRF7N6UYC7pJbvHJlDnMge5LRpQ=="],

    "@oxlint/binding-linux-s390x-gnu": ["@oxlint/binding-linux-s390x-gnu@1.80.0", "", { "os": "linux", "cpu": "s390x" }, "sha512-aR0PrzHj9leW3NmzBAAP4EzdoBNoJcs9sjnIQPIwyRnBGYrRbXUIpEB5Q39AqK3PLY5JK5uEhDQDiUa1QSAstw=="],

    "@oxlint/binding-linux-x64-gnu": ["@oxlint/binding-linux-x64-gnu@1.80.0", "", { "os": "linux", "cpu": "x64" }, "sha512-vSVh5cSo3Xxs6ghBCcFJlpbkbENzDog1qXtoXLa/HC3aCrR4XO76GZbXmQoCPHnu99nQpdCeC3H9tdNICfDh7A=="],

    "@oxlint/binding-linux-x64-musl": ["@oxlint/binding-linux-x64-musl@1.80.0", "", { "os": "linux", "cpu": "x64" }, "sha512-FfzBXpNQ8u7/ZI/p8bl73MeZ508Ax3hxWp3SiJpEFiC+BB9XcXy5FAZHTLKDPSzrUpxQZSZJAVdDmuJp/+HDBQ=="],

    "@oxlint/binding-openharmony-arm64": ["@oxlint/binding-openharmony-arm64@1.80.0", "", { "os": "none", "cpu": "arm64" }, "sha512-zMzbkumtmprCgRwoYNzcB3iC39fXdJIMLMU33KdCjEGLlJGOEt1+LwQ4LF8ndLzAEKVz4BR0y3V6Xrkk3Nm3yA=="],

    "@oxlint/binding-win32-arm64-msvc": ["@oxlint/binding-win32-arm64-msvc@1.80.0", "", { "os": "win32", "cpu": "arm64" }, "sha512-ib6iRcrXsk4t1fm3iKcwksyWh1ZkZXC/2mEzakl0ai2+6HZunf1WWMZ/xP9EJAvw9g9K4UVTC3NF/+G2qLrbTQ=="],

    "@oxlint/binding-win32-ia32-msvc": ["@oxlint/binding-win32-ia32-msvc@1.80.0", "", { "os": "win32", "cpu": "ia32" }, "sha512-xhRWBMpLxZvgKAH6+DJZmpP+W8Y8UdQOSU1JfxSWNXsaBaRGW77j+1hCuNHlzj7OH4SPN8fYd1q0o2qrDtoVyw=="],

    "@oxlint/binding-win32-x64-msvc": ["@oxlint/binding-win32-x64-msvc@1.80.0", "", { "os": "win32", "cpu": "x64" }, "sha512-yAnO7lwBYQnz2pcfBPIGQQZWIX5zd5R/1aAKIF3oE+TVj7IhoHcROjOkz3sRDngzqhfPKfFaXqug5j5rE5dn6Q=="],

    "@oxlint/plugins": ["@oxlint/plugins@1.79.0", "", {}, "sha512-S0uyoxakDINJ4DPgqxGlEEvrdSMeQb7Z2lKVjxoY2gwsbZbfg2Xr8Klfeo5ZeraHmmdBCELFUHkSe6KEmBpMvg=="],

    "@seanmozeik/de-clank": ["@seanmozeik/de-clank@0.1.7", "", { "dependencies": { "@oxlint/plugins": "1.79.0", "oxc-parser": "0.146.0", "oxlint-plugin-react-doctor": "0.9.12" }, "peerDependencies": { "oxfmt": ">=0.64.0", "oxlint": ">=1.79.0", "oxlint-tsgolint": ">=7.0.2001" }, "optionalPeers": ["oxfmt"] }, "sha512-sGjRkhOKqT1YmjCfNrSwtiLdBVx7PEKZ474wYWqyqA543Z6iH1rzG67gjwh+gQ2W9cPgPcVi6g0skfAcXXezkw=="],

    "@shaderfrog/glsl-parser": ["@shaderfrog/glsl-parser@7.0.1", "", {}, "sha512-8mpfsoPeRhesY3pOrzNZBL8uG6N5GVX1EHLBYbd4gzKs+c7vaEIqpTNK5VrffU33qQN4cwpP2v3u4aPPBU32sw=="],

    "@types/esrecurse": ["@types/esrecurse@4.3.1", "", {}, "sha512-xJBAbDifo5hpffDBuHl0Y8ywswbiAp/Wi7Y/GtAgSlZyIABppyurxVueOPE8LUQOxdlgi6Zqce7uoEpqNTeiUw=="],

    "@types/estree": ["@types/estree@1.0.9", "", {}, "sha512-GhdPgy1el4/ImP05X05Uw4cw2/M93BCUmnEvWZNStlCzEKME4Fkk+YpoA5OiHNQmoS7Cafb8Xa3Pya8m1Qrzeg=="],

    "@types/node": ["@types/node@25.6.2", "", { "dependencies": { "undici-types": "~7.19.0" } }, "sha512-sokuT28dxf9JT5Kady1fsXOvI4HVpjZa95NKT5y9PNTIrs2AsobR4GFAA90ZG8M+nxVRLysCXsVj6eGC7Vbrlw=="],

    "@types/ws": ["@types/ws@8.18.1", "", { "dependencies": { "@types/node": "*" } }, "sha512-ThVF6DCVhA8kUGy+aazFQ4kXQ7E1Ty7A3ypFOe0IcJV8O/M511G99AW24irKrW56Wt44yG9+ij8FaqoBGkuBXg=="],

    "@typescript-eslint/types": ["@typescript-eslint/types@8.68.0", "", {}, "sha512-9RnpsGJjrAllCMefGVVsImJM24YurhC0Q1h4UbvivtvOqXmR/vEJge2OoE++z9m6hyg8T1Q8t5SNT6tHSbrxcg=="],

    "@typescript/typescript-aix-ppc64": ["@typescript/typescript-aix-ppc64@7.0.2", "", { "os": "aix", "cpu": "ppc64" }, "sha512-MTKKkWB7p/0E9xi1d1tHtZ5PiLkGEMIq88pK2CubZjOsLtYTLqhgIgi6zepFa+9GHZ6h05NMCkQxGKiPXMxXtQ=="],

    "@typescript/typescript-darwin-arm64": ["@typescript/typescript-darwin-arm64@7.0.2", "", { "os": "darwin", "cpu": "arm64" }, "sha512-gowzar9MwS/aRWp6f3a4KUqzRjAZjOsmGNCM6LcTgXum+dBfgsBVMN+AgvOCCbguXyick6LJhpBszxMebJ8syA=="],

    "@typescript/typescript-darwin-x64": ["@typescript/typescript-darwin-x64@7.0.2", "", { "os": "darwin", "cpu": "x64" }, "sha512-SZ9xZInqApNlNGc9s0W1VSsktYSOe9cFqNOIqmN1Gs8SmkjKZYFt017G4VwPxASInODuAdbTW7sXiFUf893RgA=="],

    "@typescript/typescript-freebsd-arm64": ["@typescript/typescript-freebsd-arm64@7.0.2", "", { "os": "freebsd", "cpu": "arm64" }, "sha512-W5NH4y/J0plIIS5b2xvTEkU7JFxyqdMAOgf+Ilhl0vHQXKO5dZoxd+C/jEtq56c4F3wk71RB4BMRQ2XdI+bwYQ=="],

    "@typescript/typescript-freebsd-x64": ["@typescript/typescript-freebsd-x64@7.0.2", "", { "os": "freebsd", "cpu": "x64" }, "sha512-UMGDx5sTpzNw3WiPebH7l90IWfJggEd+egHt/q6p7/Cm3zqoV7VxkGXt+3DxPIw8CcmvAB0j3sVVfbhX+M4Tpw=="],

    "@typescript/typescript-linux-arm": ["@typescript/typescript-linux-arm@7.0.2", "", { "os": "linux", "cpu": "arm" }, "sha512-gffT3xPz9sR7j/YJExkyPntrI0P2EP9XbOyWzth2/Gs0RstK+90RBcO0ncXoXy/beYll1SXw846Nf2zdnEz0QQ=="],

    "@typescript/typescript-linux-arm64": ["@typescript/typescript-linux-arm64@7.0.2", "", { "os": "linux", "cpu": "arm64" }, "sha512-Qh4eU4/y3yDjnfjjyPYihMj5/ODIlmt+Bzu17OI+fiSRDW57QmU5SiN63exPRNJPKUzcc1INa1NXdrJ+MqHjUQ=="],

    "@typescript/typescript-linux-loong64": ["@typescript/typescript-linux-loong64@7.0.2", "", { "os": "linux", "cpu": "none" }, "sha512-uEHck9i8hoAzXPiYRib1O7miOnz23SxIeVl6F4LXox+qov1K35jHcEW6VHKvZI+pyvl7fZEP4MCU5LYvIq1GuQ=="],

    "@typescript/typescript-linux-mips64el": ["@typescript/typescript-linux-mips64el@7.0.2", "", { "os": "linux", "cpu": "none" }, "sha512-R4KvAMnE43W5Qeqb0Ly56O3mWMWIAgsMyz36DCaycd5nbg/9kzm0liw3JocfRqyJY0KPmzFjbswozXyW0DnIYA=="],

    "@typescript/typescript-linux-ppc64": ["@typescript/typescript-linux-ppc64@7.0.2", "", { "os": "linux", "cpu": "ppc64" }, "sha512-DORx5b3sd/4S7eayxm4FQv+A7CrkUIGRaHiwI8oiHTAI1fAPWhF4J0vAlkC8biAlHSVVwxMQ3tjZ2/DVbnQiiA=="],

    "@typescript/typescript-linux-riscv64": ["@typescript/typescript-linux-riscv64@7.0.2", "", { "os": "linux", "cpu": "none" }, "sha512-wf0jqEDOjrPRnKwYRyyJDRo11KMbvMFrU+q4zqKyChODBzvlkbhNQfKvLxQCcwTpdDaXSHZTVuh0JoCrKCUMHQ=="],

    "@typescript/typescript-linux-s390x": ["@typescript/typescript-linux-s390x@7.0.2", "", { "os": "linux", "cpu": "s390x" }, "sha512-IkwJc3L7yhytWd/ewjyxNDfOmswCm9GWMJT/ue/dU4aZNbwZeYAetq42VyLmsmSjvoX7z74X6ZaYCtzAr0EuGw=="],

    "@typescript/typescript-linux-x64": ["@typescript/typescript-linux-x64@7.0.2", "", { "os": "linux", "cpu": "x64" }, "sha512-EYdf2cNg7rgCWJnxCdJ+F3V39O8ihb37eHAu1LK8oAFizgTQbPOK7zHHXbPt8rX24COqODXeI3sIf0fCXG7H/A=="],

    "@typescript/typescript-netbsd-arm64": ["@typescript/typescript-netbsd-arm64@7.0.2", "", { "os": "none", "cpu": "arm64" }, "sha512-+polYF4MF04aPpO5FTkHran9yUQDSXqy5GiSDKpsll5jy3l3+g9QLhpf39T+ePtefhXLOGrLl0QIjkQP6VnelA=="],

    "@typescript/typescript-netbsd-x64": ["@typescript/typescript-netbsd-x64@7.0.2", "", { "os": "none", "cpu": "x64" }, "sha512-8YIT0EHM/3dq10ZOVF/A7pc/YSMtbcecct4rWtexrnSCHOPcpC2KTLXfTCR6vDpnSiY12heNb1GiN/wu+T/FyA=="],

    "@typescript/typescript-openbsd-arm64": ["@typescript/typescript-openbsd-arm64@7.0.2", "", { "os": "openbsd", "cpu": "arm64" }, "sha512-APT8+ClYnuYm1u9+kgGXoMj2VzWzcymwh2gNSQVySHfkRDGOTVkoWLjCmOQSaO+PoqQ57B0flRp9SA+7GnnkzQ=="],

    "@typescript/typescript-openbsd-x64": ["@typescript/typescript-openbsd-x64@7.0.2", "", { "os": "openbsd", "cpu": "x64" }, "sha512-yX7s+Q0Dln0Dt9tEzZsAjXXR/+ytBM7AlglaqyeMPxQszJ1JhlJdZ6jLA+IzldHtflX81em7lDao1xXu+aRRkg=="],

    "@typescript/typescript-sunos-x64": ["@typescript/typescript-sunos-x64@7.0.2", "", { "os": "sunos", "cpu": "x64" }, "sha512-dLJDGaLZ1D4HPQn62u1n8mBDkJREwMsAkCdkwd4Ieqw+x3TUyTsqY0YiBCtE6H6OzzgGk3iuZ3vFWRS+E8/d1g=="],

    "@typescript/typescript-win32-arm64": ["@typescript/typescript-win32-arm64@7.0.2", "", { "os": "win32", "cpu": "arm64" }, "sha512-Gyl1Vy6OsWesLzmq+EP0Fb7b4Nid5232AvcA2SFcdYreldpNtYFFofPjnt62y9hQy7VTaZp65ICJjuAQRaVcIQ=="],

    "@typescript/typescript-win32-x64": ["@typescript/typescript-win32-x64@7.0.2", "", { "os": "win32", "cpu": "x64" }, "sha512-0BQ3HkAHHlKLSp1qRvf3SUhGpGsDuhB/jgFw75guyqbxJqEaS0Cw/VFO8i2nHglJUzQCRtMMR/IBAKE3ETMC4g=="],

    "bun-types": ["bun-types@1.4.0", "", { "dependencies": { "@types/node": "*" } }, "sha512-iIKw23BspnQQYd3prITOBxeUsxBHnwzX6YJfGMuNOZzeNcMmVqzIIVGRm1l69ogaPQmb4wB6BN8mA5bE9YuC5Q=="],

    "detect-libc": ["detect-libc@2.1.2", "", {}, "sha512-Btj2BOOO83o3WyH59e8MgXsxEQVcarkUOpEYrubB0urwnN10yQ364rsiByU11nZlqWYZm05i/of7io4mzihBtQ=="],

    "effect": ["effect@4.0.0-rc.112", "", { "dependencies": { "fast-check": "^4.9.0", "msgpackr": "^2.0.5" } }, "sha512-wXxwuh1Ywnv4cPRM3Wfa0vDwuOHnZ1TsTgHJkG9XgzND6inhBH9n1vBxhg3iIXOia/OrpmvVmd3lrD4vq6bF3A=="],

    "eslint-scope": ["eslint-scope@9.1.2", "", { "dependencies": { "@types/esrecurse": "^4.3.1", "@types/estree": "^1.0.8", "esrecurse": "^4.3.0", "estraverse": "^5.2.0" } }, "sha512-xS90H51cKw0jltxmvmHy2Iai1LIqrfbw57b79w/J7MfvDfkIkFZ+kj6zC3BjtUwh150HsSSdxXZcsuv72miDFQ=="],

    "eslint-visitor-keys": ["eslint-visitor-keys@5.0.1", "", {}, "sha512-tD40eHxA35h0PEIZNeIjkHoDR4YjjJp34biM0mDvplBe//mB+IHCqHDGV7pxF+7MklTvighcCPPZC7ynWyjdTA=="],

    "esrecurse": ["esrecurse@4.3.0", "", { "dependencies": { "estraverse": "^5.2.0" } }, "sha512-KmfKL3b6G+RXvP8N1vr3Tq1kL/oCFgn2NYXEtqP8/L3pKapUA4G8cFVaoF3SU323CD4XypR/ffioHmkti6/Tag=="],

    "estraverse": ["estraverse@5.3.0", "", {}, "sha512-MMdARuVEQziNTeJD8DgMqmhwR11BRQ/cBP+pLtYdSTnf3MIO8fFeiINEbX36ZdNlfU/7A9f3gUw49B3oQsvwBA=="],

    "fast-check": ["fast-check@4.9.0", "", { "dependencies": { "pure-rand": "^8.0.0" } }, "sha512-7ms6T7SybUev/PQITciI0yLM2pOSFy5zpG8Ty7tQofcVaQUvrMXp6CBwqF6fThLCLOrfBtuHAtwq6Yu4XPCllg=="],

    "lightningcss": ["lightningcss@1.33.0", "", { "dependencies": { "detect-libc": "^2.0.3" }, "optionalDependencies": { "lightningcss-android-arm64": "1.33.0", "lightningcss-darwin-arm64": "1.33.0", "lightningcss-darwin-x64": "1.33.0", "lightningcss-freebsd-x64": "1.33.0", "lightningcss-linux-arm-gnueabihf": "1.33.0", "lightningcss-linux-arm64-gnu": "1.33.0", "lightningcss-linux-arm64-musl": "1.33.0", "lightningcss-linux-x64-gnu": "1.33.0", "lightningcss-linux-x64-musl": "1.33.0", "lightningcss-win32-arm64-msvc": "1.33.0", "lightningcss-win32-x64-msvc": "1.33.0" } }, "sha512-WkUDrojuJs0xkgGf2udWxa3yGBRxPtxUkB79i6aCZLRgc7PM8fZe9TosfPDcvEpQZbuFASnHYmRLBLUbmLOIIA=="],

    "lightningcss-android-arm64": ["lightningcss-android-arm64@1.33.0", "", { "os": "android", "cpu": "arm64" }, "sha512-gEpRTalKdosp4Bb8qWtc2iOgE5SeIHlpS1up9bFq2wAyYhl1UdTObYiHe98zEM9SQvSoqQZ1IQD0JNpg3Ml5pg=="],

    "lightningcss-darwin-arm64": ["lightningcss-darwin-arm64@1.33.0", "", { "os": "darwin", "cpu": "arm64" }, "sha512-Sciaz8eenNTKn9b3t7+xr0ipTp9YxKQY4npwQ3mrRuL0BAVHBLyZxofhaKBAVtzmtRZ/zTyo0/to4B1uWG/Djg=="],

    "lightningcss-darwin-x64": ["lightningcss-darwin-x64@1.33.0", "", { "os": "darwin", "cpu": "x64" }, "sha512-Z5UPAxzrjlWNNyGy6i65cJzzvgJ5D3T6wMvs+gWpY9d7qRhANrxqAp6LhxIgZhWEw18RfJTGcRxjuLIBr+m8XQ=="],

    "lightningcss-freebsd-x64": ["lightningcss-freebsd-x64@1.33.0", "", { "os": "freebsd", "cpu": "x64" }, "sha512-QQM/Ti/hQajJwCY+RiWuCZ9sdtI/XQk7nDK5vC8kkdwixezOlDgvDx7+RT+QjK6FcFT4MpsuoBnHIo/O3StRRg=="],

    "lightningcss-linux-arm-gnueabihf": ["lightningcss-linux-arm-gnueabihf@1.33.0", "", { "os": "linux", "cpu": "arm" }, "sha512-N7FVBe6iS24MlM6R/4RBTxGhQheZGs7tiQ9U32UtF75NzP5Q7xWPRqLBCKxlRQRk3rY1jCIPLzx7WzOhuUIRLQ=="],

    "lightningcss-linux-arm64-gnu": ["lightningcss-linux-arm64-gnu@1.33.0", "", { "os": "linux", "cpu": "arm64" }, "sha512-j2v/itmy4HlNxlc6voKXYgBqNi0Ng2LShg4z7GufpEgs05P+2suBVyi9I6YHq5uoVFx9ETin3eCEhLVyXGQnKg=="],

    "lightningcss-linux-arm64-musl": ["lightningcss-linux-arm64-musl@1.33.0", "", { "os": "linux", "cpu": "arm64" }, "sha512-yiO5ROMuYQgXbC60yjZU5CYSFZGKXL0HFATXt9mHJn1+zW55oCtMI9NfcVhYLMFDL7gV7oBPon/EmMMGg2OvtQ=="],

    "lightningcss-linux-x64-gnu": ["lightningcss-linux-x64-gnu@1.33.0", "", { "os": "linux", "cpu": "x64" }, "sha512-ar+Ju7LmcN0Jo4FpL4hpFybwNG9/3A/Br5KW2n2jyODg3MEZXaDYADdemoNS+BDNfMgKvylJLj4S5tyRActuAg=="],

    "lightningcss-linux-x64-musl": ["lightningcss-linux-x64-musl@1.33.0", "", { "os": "linux", "cpu": "x64" }, "sha512-RYiYbkokw0trfKqqzfF55lginwEPrD3OJDfTuJzFs1MK6iFnDenaz1fqLLtX4ITG3OktJQXOeTaw1awrBAlZPw=="],

    "lightningcss-win32-arm64-msvc": ["lightningcss-win32-arm64-msvc@1.33.0", "", { "os": "win32", "cpu": "arm64" }, "sha512-1K+MPfLSFVpphzpdbfkhlWk6wBrTObBzS2T6db10PNOZgR9GoVsAWzwNyuhUYYbTp23j+4RrncfujZ4uAzXvwA=="],

    "lightningcss-win32-x64-msvc": ["lightningcss-win32-x64-msvc@1.33.0", "", { "os": "win32", "cpu": "x64" }, "sha512-OlEICDx/Xl0FqSp4bry8zFnCvGpig3Gl4gCquvYwHuqJKEC1+n9NgDniFvqHGmMv1ZkqDJrDqKKSykTDX+ehuA=="],

    "msgpackr": ["msgpackr@2.0.5", "", { "optionalDependencies": { "msgpackr-extract": "^3.0.4" } }, "sha512-cef05H/dSYpLpqp3sj/qyZh5vhUYCalnaLO7j1yOmpsR0y/XwLVtK7r5gn+U/F7CTEfMowcGhlUQJDLcLf7jcA=="],

    "msgpackr-extract": ["msgpackr-extract@3.0.4", "", { "dependencies": { "node-gyp-build-optional-packages": "5.2.2" }, "optionalDependencies": { "@msgpackr-extract/msgpackr-extract-darwin-arm64": "3.0.4", "@msgpackr-extract/msgpackr-extract-darwin-x64": "3.0.4", "@msgpackr-extract/msgpackr-extract-linux-arm": "3.0.4", "@msgpackr-extract/msgpackr-extract-linux-arm64": "3.0.4", "@msgpackr-extract/msgpackr-extract-linux-x64": "3.0.4", "@msgpackr-extract/msgpackr-extract-win32-x64": "3.0.4" }, "bin": { "download-msgpackr-prebuilds": "bin/download-prebuilds.js" } }, "sha512-4kmO/MdyUIkLIvTPr8VHLil4AtoKIoniWPIEk5+CDy0xnWC84azhSFmuJ7PxZdsYtiP5kEeQsORAVIeMgxT+Hw=="],

    "node-gyp-build-optional-packages": ["node-gyp-build-optional-packages@5.2.2", "", { "dependencies": { "detect-libc": "^2.0.1" }, "bin": { "node-gyp-build-optional-packages": "bin.js", "node-gyp-build-optional-packages-optional": "optional.js", "node-gyp-build-optional-packages-test": "build-test.js" } }, "sha512-s+w+rBWnpTMwSFbaE0UXsRlg7hU4FjekKU4eyAih5T8nJuNZT1nNsskXpxmeqSK9UzkBl6UgRlnKc8hz8IEqOw=="],

    "oxc-parser": ["oxc-parser@0.146.0", "", { "dependencies": { "@oxc-project/types": "^0.146.0" }, "optionalDependencies": { "@oxc-parser/binding-android-arm-eabi": "0.146.0", "@oxc-parser/binding-android-arm64": "0.146.0", "@oxc-parser/binding-darwin-arm64": "0.146.0", "@oxc-parser/binding-darwin-x64": "0.146.0", "@oxc-parser/binding-freebsd-x64": "0.146.0", "@oxc-parser/binding-linux-arm-gnueabihf": "0.146.0", "@oxc-parser/binding-linux-arm-musleabihf": "0.146.0", "@oxc-parser/binding-linux-arm64-gnu": "0.146.0", "@oxc-parser/binding-linux-arm64-musl": "0.146.0", "@oxc-parser/binding-linux-ppc64-gnu": "0.146.0", "@oxc-parser/binding-linux-riscv64-gnu": "0.146.0", "@oxc-parser/binding-linux-riscv64-musl": "0.146.0", "@oxc-parser/binding-linux-s390x-gnu": "0.146.0", "@oxc-parser/binding-linux-x64-gnu": "0.146.0", "@oxc-parser/binding-linux-x64-musl": "0.146.0", "@oxc-parser/binding-openharmony-arm64": "0.146.0", "@oxc-parser/binding-win32-arm64-msvc": "0.146.0", "@oxc-parser/binding-win32-ia32-msvc": "0.146.0", "@oxc-parser/binding-win32-x64-msvc": "0.146.0" } }, "sha512-hrt0Ou2mCL8dLuvfvKWFjRlWaJKt0Xs7CfacAgb9mha0gKW1lSisUzNRyALgItMPIfThxkl8jH2ONP6ZbQXpaA=="],

    "oxfmt": ["oxfmt@0.65.0", "", { "dependencies": { "tinypool": "2.1.0" }, "optionalDependencies": { "@oxfmt/binding-android-arm-eabi": "0.65.0", "@oxfmt/binding-android-arm64": "0.65.0", "@oxfmt/binding-darwin-arm64": "0.65.0", "@oxfmt/binding-darwin-x64": "0.65.0", "@oxfmt/binding-freebsd-x64": "0.65.0", "@oxfmt/binding-linux-arm-gnueabihf": "0.65.0", "@oxfmt/binding-linux-arm-musleabihf": "0.65.0", "@oxfmt/binding-linux-arm64-gnu": "0.65.0", "@oxfmt/binding-linux-arm64-musl": "0.65.0", "@oxfmt/binding-linux-ppc64-gnu": "0.65.0", "@oxfmt/binding-linux-riscv64-gnu": "0.65.0", "@oxfmt/binding-linux-riscv64-musl": "0.65.0", "@oxfmt/binding-linux-s390x-gnu": "0.65.0", "@oxfmt/binding-linux-x64-gnu": "0.65.0", "@oxfmt/binding-linux-x64-musl": "0.65.0", "@oxfmt/binding-openharmony-arm64": "0.65.0", "@oxfmt/binding-win32-arm64-msvc": "0.65.0", "@oxfmt/binding-win32-ia32-msvc": "0.65.0", "@oxfmt/binding-win32-x64-msvc": "0.65.0" }, "peerDependencies": { "svelte": "^5.0.0", "vite-plus": "*" }, "optionalPeers": ["svelte", "vite-plus"], "bin": { "oxfmt": "bin/oxfmt" } }, "sha512-SgS5VgnP42T0zl3zWD+xoH8FCqg1SAFnSRoOT/qeoa6gxcYIqrDMOmcXIg/EWSN92Du4ogB4riuKhKd6Y4CGhw=="],

    "oxlint": ["oxlint@1.80.0", "", { "optionalDependencies": { "@oxlint/binding-android-arm-eabi": "1.80.0", "@oxlint/binding-android-arm64": "1.80.0", "@oxlint/binding-darwin-arm64": "1.80.0", "@oxlint/binding-darwin-x64": "1.80.0", "@oxlint/binding-freebsd-x64": "1.80.0", "@oxlint/binding-linux-arm-gnueabihf": "1.80.0", "@oxlint/binding-linux-arm-musleabihf": "1.80.0", "@oxlint/binding-linux-arm64-gnu": "1.80.0", "@oxlint/binding-linux-arm64-musl": "1.80.0", "@oxlint/binding-linux-ppc64-gnu": "1.80.0", "@oxlint/binding-linux-riscv64-gnu": "1.80.0", "@oxlint/binding-linux-riscv64-musl": "1.80.0", "@oxlint/binding-linux-s390x-gnu": "1.80.0", "@oxlint/binding-linux-x64-gnu": "1.80.0", "@oxlint/binding-linux-x64-musl": "1.80.0", "@oxlint/binding-openharmony-arm64": "1.80.0", "@oxlint/binding-win32-arm64-msvc": "1.80.0", "@oxlint/binding-win32-ia32-msvc": "1.80.0", "@oxlint/binding-win32-x64-msvc": "1.80.0" }, "peerDependencies": { "oxlint-tsgolint": ">=7.0.2001", "vite-plus": "*" }, "optionalPeers": ["oxlint-tsgolint", "vite-plus"], "bin": { "oxlint": "bin/oxlint" } }, "sha512-5nTiSps4qdbCWLbxzuO00alHkEO2exR9YMN/ig6QXWrLsYSG0KaObOAM+l6oU2LcKPWoSAGYbkZIGEu1ViiWKA=="],

    "oxlint-plugin-react-doctor": ["oxlint-plugin-react-doctor@0.9.12", "", { "dependencies": { "@shaderfrog/glsl-parser": "^7.0.1", "@typescript-eslint/types": "^8.59.3", "eslint-scope": "^9.1.2", "eslint-visitor-keys": "^5.0.1", "lightningcss": "^1.33.0", "oxc-parser": "^0.143.0" } }, "sha512-BplcCUU/tGByFGgY1YIax6evUmjk0K8zOGGrdPs3A3dqamrzjUvVuJdYpM1Ftyt/B5fFx6+VwRrWi3YZbIz4VQ=="],

    "oxlint-tsgolint": ["oxlint-tsgolint@7.0.2001", "", { "optionalDependencies": { "@oxlint-tsgolint/darwin-arm64": "7.0.2001", "@oxlint-tsgolint/darwin-x64": "7.0.2001", "@oxlint-tsgolint/linux-arm64": "7.0.2001", "@oxlint-tsgolint/linux-x64": "7.0.2001", "@oxlint-tsgolint/win32-arm64": "7.0.2001", "@oxlint-tsgolint/win32-x64": "7.0.2001" }, "bin": { "tsgolint": "./bin/tsgolint.js" } }, "sha512-KjK/XLcXr1DSyonKhsuFqJRiuKqcyG9j3LJ8nkOsrLzGvodBPqzHOKauy10asLMDI0sUpvb+1sxlzff3udZvfg=="],

    "pure-rand": ["pure-rand@8.4.0", "", {}, "sha512-IoM8YF/jY0hiugFo/wOWqfmarlE6J0wc6fDK1PhftMk7MGhVZl88sZimmqBBFomLOCSmcCCpsfj7wXASCpvK9A=="],

    "shell-quote": ["shell-quote@1.10.0", "", {}, "sha512-w1aiOKwKuRgtwAReIIj89puqg+I7GvX4IbLrvmhXbzQsj1+Zwi4VO3+fa6ZF91TWSjIxoEkKnMeHcLEODK5ZXA=="],

    "tinypool": ["tinypool@2.1.0", "", {}, "sha512-Pugqs6M0m7Lv1I7FtxN4aoyToKg1C4tu+/381vH35y8oENM/Ai7f7C4StcoK4/+BSw9ebcS8jRiVrORFKCALLw=="],

    "typescript": ["typescript@7.0.2", "", { "optionalDependencies": { "@typescript/typescript-aix-ppc64": "7.0.2", "@typescript/typescript-darwin-arm64": "7.0.2", "@typescript/typescript-darwin-x64": "7.0.2", "@typescript/typescript-freebsd-arm64": "7.0.2", "@typescript/typescript-freebsd-x64": "7.0.2", "@typescript/typescript-linux-arm": "7.0.2", "@typescript/typescript-linux-arm64": "7.0.2", "@typescript/typescript-linux-loong64": "7.0.2", "@typescript/typescript-linux-mips64el": "7.0.2", "@typescript/typescript-linux-ppc64": "7.0.2", "@typescript/typescript-linux-riscv64": "7.0.2", "@typescript/typescript-linux-s390x": "7.0.2", "@typescript/typescript-linux-x64": "7.0.2", "@typescript/typescript-netbsd-arm64": "7.0.2", "@typescript/typescript-netbsd-x64": "7.0.2", "@typescript/typescript-openbsd-arm64": "7.0.2", "@typescript/typescript-openbsd-x64": "7.0.2", "@typescript/typescript-sunos-x64": "7.0.2", "@typescript/typescript-win32-arm64": "7.0.2", "@typescript/typescript-win32-x64": "7.0.2" }, "bin": { "tsc": "bin/tsc" } }, "sha512-8FYau96o3NKOhbjKi/qNvG/W5jhzxkbdm5sj9AbZ/5T5sWqn3hJgLfGx27sRKZWTvyzCP8dLRBTf5tBTSRVUNA=="],

    "undici-types": ["undici-types@7.19.2", "", {}, "sha512-qYVnV5OEm2AW8cJMCpdV20CDyaN3g0AjDlOGf1OW4iaDEx8MwdtChUp4zu4H0VP3nDRF/8RKWH+IPp9uW0YGZg=="],

    "ws": ["ws@8.21.3", "", { "peerDependencies": { "bufferutil": "^4.0.1", "utf-8-validate": ">=5.0.2" }, "optionalPeers": ["bufferutil", "utf-8-validate"] }, "sha512-201TZ/kPWxoPr/OKWjquZR1SWKXcvxdH+e1xrx89b3YbmzLMFCLfnaG1HFIgWzJOEWZ7MvpK++odZufgYR50Rw=="],

    "oxlint-plugin-react-doctor/oxc-parser": ["oxc-parser@0.143.0", "", { "dependencies": { "@oxc-project/types": "^0.143.0" }, "optionalDependencies": { "@oxc-parser/binding-android-arm-eabi": "0.143.0", "@oxc-parser/binding-android-arm64": "0.143.0", "@oxc-parser/binding-darwin-arm64": "0.143.0", "@oxc-parser/binding-darwin-x64": "0.143.0", "@oxc-parser/binding-freebsd-x64": "0.143.0", "@oxc-parser/binding-linux-arm-gnueabihf": "0.143.0", "@oxc-parser/binding-linux-arm-musleabihf": "0.143.0", "@oxc-parser/binding-linux-arm64-gnu": "0.143.0", "@oxc-parser/binding-linux-arm64-musl": "0.143.0", "@oxc-parser/binding-linux-ppc64-gnu": "0.143.0", "@oxc-parser/binding-linux-riscv64-gnu": "0.143.0", "@oxc-parser/binding-linux-riscv64-musl": "0.143.0", "@oxc-parser/binding-linux-s390x-gnu": "0.143.0", "@oxc-parser/binding-linux-x64-gnu": "0.143.0", "@oxc-parser/binding-linux-x64-musl": "0.143.0", "@oxc-parser/binding-openharmony-arm64": "0.143.0", "@oxc-parser/binding-win32-arm64-msvc": "0.143.0", "@oxc-parser/binding-win32-ia32-msvc": "0.143.0", "@oxc-parser/binding-win32-x64-msvc": "0.143.0" } }, "sha512-ov0NzaDCOInknS7mP1cwKdJERt3utPW8ldjtdUXQ8Ty0GEFD08wk422vCUN0d7pST6kqtV7dxoI9w1Zi0l/9TA=="],

    "oxlint-plugin-react-doctor/oxc-parser/@oxc-parser/binding-android-arm-eabi": ["@oxc-parser/binding-android-arm-eabi@0.143.0", "", { "os": "android", "cpu": "arm" }, "sha512-n9uozULWflPqBtdmI8lAabLqGKNgLVNN0ZH8HfgCwpKGNtzRzauB76jTiW/3YLkcA7N1zskpi9GdVnZuu1SAvg=="],

    "oxlint-plugin-react-doctor/oxc-parser/@oxc-parser/binding-android-arm64": ["@oxc-parser/binding-android-arm64@0.143.0", "", { "os": "android", "cpu": "arm64" }, "sha512-9BbdjHETk6O3zH/DDid9IgBtF0GlpLabNKN231uraXpRDSfY+iiZxTP5bk1Z63GBownVdhdINFIeddmMz4MzpQ=="],

    "oxlint-plugin-react-doctor/oxc-parser/@oxc-parser/binding-darwin-arm64": ["@oxc-parser/binding-darwin-arm64@0.143.0", "", { "os": "darwin", "cpu": "arm64" }, "sha512-gh+6ecoHUy4/sUcolBl/1qPXKBbYNxFY0Pk0ujgQvINTMSftJY7o4yb8gOkDJPeZeB8+a+u7xTe6umoP8N5HFA=="],

    "oxlint-plugin-react-doctor/oxc-parser/@oxc-parser/binding-darwin-x64": ["@oxc-parser/binding-darwin-x64@0.143.0", "", { "os": "darwin", "cpu": "x64" }, "sha512-qd1hl2d+lXgHv/VQ/M9qm8TrMC5T4RqDBwtOnl+1D0QMjwcz+8AaB4JSg8STgeag0GP6a6L74XEGAsrTSJWNzQ=="],

    "oxlint-plugin-react-doctor/oxc-parser/@oxc-parser/binding-freebsd-x64": ["@oxc-parser/binding-freebsd-x64@0.143.0", "", { "os": "freebsd", "cpu": "x64" }, "sha512-M5XXcNa7aOqLPKTR41msfghKu2yQ4xWvCm11/gwU0JzOzHNk5sgW//rVEjJ+LO48+VDAMzXTSzurUVxIDKwozw=="],

    "oxlint-plugin-react-doctor/oxc-parser/@oxc-parser/binding-linux-arm-gnueabihf": ["@oxc-parser/binding-linux-arm-gnueabihf@0.143.0", "", { "os": "linux", "cpu": "arm" }, "sha512-T/GXusuOkPNQhCQCSBbcU/N8j0rAypuDBl1IyFK+lyYT594XsVz80clPC/OtbSSpBGyJxj8uYEfctxVuxVYoww=="],

    "oxlint-plugin-react-doctor/oxc-parser/@oxc-parser/binding-linux-arm-musleabihf": ["@oxc-parser/binding-linux-arm-musleabihf@0.143.0", "", { "os": "linux", "cpu": "arm" }, "sha512-oKu4RcBlXSqo3OC62dp6YTnQaZIurNDpCX3BnAM3+bJxt7s8J2TJKMnC0UYer1qhlRaDCg6wkTaTw+2IlsZ12w=="],

    "oxlint-plugin-react-doctor/oxc-parser/@oxc-parser/binding-linux-arm64-gnu": ["@oxc-parser/binding-linux-arm64-gnu@0.143.0", "", { "os": "linux", "cpu": "arm64" }, "sha512-WJBbD186AZmMGaSIhlktC+rPl8L3peCTXAh88Ih9uEvK0en2mPojGyCGYiL6mHtV1RPV3JyfJW5t6n5hh0lXhA=="],

    "oxlint-plugin-react-doctor/oxc-parser/@oxc-parser/binding-linux-arm64-musl": ["@oxc-parser/binding-linux-arm64-musl@0.143.0", "", { "os": "linux", "cpu": "arm64" }, "sha512-t1AcYOwEzgceadT4v5e+vaCCb0AncCA3v5AyzfBAz/tMq11qzVccXKzNHtkWdjBsgvTKwRkaUF3QvT4kot8vcQ=="],

    "oxlint-plugin-react-doctor/oxc-parser/@oxc-parser/binding-linux-ppc64-gnu": ["@oxc-parser/binding-linux-ppc64-gnu@0.143.0", "", { "os": "linux", "cpu": "ppc64" }, "sha512-RsnO/NoD8376LMJq8JS8TwI0ieNaFRTuNe2GVJntQg6gwZNMENZsEbknHdVwjpOmxdGLGodcwaGSbAeRr5Bgjw=="],

    "oxlint-plugin-react-doctor/oxc-parser/@oxc-parser/binding-linux-riscv64-gnu": ["@oxc-parser/binding-linux-riscv64-gnu@0.143.0", "", { "os": "linux", "cpu": "none" }, "sha512-48fSVfR9TZi5CASZFyv0VC6z6BCoeihFsX031mAD/oSH7d9PYsPgIqza7d9mjP7Z2KTEpTFyH6SIu0Ui6R1vdg=="],

    "oxlint-plugin-react-doctor/oxc-parser/@oxc-parser/binding-linux-riscv64-musl": ["@oxc-parser/binding-linux-riscv64-musl@0.143.0", "", { "os": "linux", "cpu": "none" }, "sha512-T8CpdD+SfE01DnIOD4HpVxu0ZJOfMJ/VhCvikKfaXAxkZ+9veyLM/D2hpi7Y2hFUyPmVQO3FNZHmYzV/WlVR4g=="],

    "oxlint-plugin-react-doctor/oxc-parser/@oxc-parser/binding-linux-s390x-gnu": ["@oxc-parser/binding-linux-s390x-gnu@0.143.0", "", { "os": "linux", "cpu": "s390x" }, "sha512-QLdeMsCcacenPEFsfxnBUDF1y6opyz5+fmOz9bfD5Y7fiGCMupUCuB3KTPQhNwshIG1P9fPqar9MHxuBDd4bwQ=="],

    "oxlint-plugin-react-doctor/oxc-parser/@oxc-parser/binding-linux-x64-gnu": ["@oxc-parser/binding-linux-x64-gnu@0.143.0", "", { "os": "linux", "cpu": "x64" }, "sha512-659ujfqLy6k7cuH3sbzhd8b+ztSq+i6E2E9pG78Q0BmHjAExfGIdgc8cGgMdwAozDXeZFHkJ+LXYJdWsaGdgyw=="],

    "oxlint-plugin-react-doctor/oxc-parser/@oxc-parser/binding-linux-x64-musl": ["@oxc-parser/binding-linux-x64-musl@0.143.0", "", { "os": "linux", "cpu": "x64" }, "sha512-/Mw/9j4TfZcnKphPrzOE6t4MMknXadcAAuVUlDRTF/ETWB5xOgQvOJV2Mh9We/bWxZdoxaGAdc+hy4GuYwQ2yQ=="],

    "oxlint-plugin-react-doctor/oxc-parser/@oxc-parser/binding-openharmony-arm64": ["@oxc-parser/binding-openharmony-arm64@0.143.0", "", { "os": "none", "cpu": "arm64" }, "sha512-8rIKWR2BFuifbIK/1XB9wTaSdtuJ25dlE7ZQYDnEwj/2xH2vHsxnvIjHT3ZjSVuLLwGGlSslIG/fbOJ8TV8rTw=="],

    "oxlint-plugin-react-doctor/oxc-parser/@oxc-parser/binding-win32-arm64-msvc": ["@oxc-parser/binding-win32-arm64-msvc@0.143.0", "", { "os": "win32", "cpu": "arm64" }, "sha512-5U9kQYMfRRI6Zq7KDxgbIP0RMnKrfn3gLepRMgJuRkPSUALTiRCk9d/uyhb4lGDjUdzwK7mBkKqhLgzBPCmLpQ=="],

    "oxlint-plugin-react-doctor/oxc-parser/@oxc-parser/binding-win32-ia32-msvc": ["@oxc-parser/binding-win32-ia32-msvc@0.143.0", "", { "os": "win32", "cpu": "ia32" }, "sha512-25P7AaHk4R88Yv2XH4gToDVmh0cOu+bEURQU10CRrmvgabfRArSGAP5osmwUKeSUHj0VS50upbpbRWWW/m7mHA=="],

    "oxlint-plugin-react-doctor/oxc-parser/@oxc-parser/binding-win32-x64-msvc": ["@oxc-parser/binding-win32-x64-msvc@0.143.0", "", { "os": "win32", "cpu": "x64" }, "sha512-ORMh3JE1s6V7ySicdRK7vgaDQnn5o+UHg9ct989PlWHbel8O9ARrmWXM6kZjrBMtNucxNayQ8g69G0VfWzhANw=="],

    "oxlint-plugin-react-doctor/oxc-parser/@oxc-project/types": ["@oxc-project/types@0.143.0", "", {}, "sha512-u6JZdLBTLotrNC9Vd6vPssINdzcCzleKAH6EJKImQb7GtYvX5keN2dxkoK44stCc4tffE6QQRtZTXVSzsLUlWA=="],
  }
}
